
Microsoft Visual Studio Solution File, Format Version 12.00
# Visual Studio Version 16
VisualStudioVersion = 16.0.30907.101
MinimumVisualStudioVersion = 10.0.40219.1
Project("{9A19103F-16F7-4668-BE54-9A1E7A4F7556}") = "ProjectReporter.Service", "ProjectReporter.Service\ProjectReporter.Service.csproj", "{B4CCD4F2-C7CB-41BB-9039-81A39EC7024B}"
EndProject
Project("{9A19103F-16F7-4668-BE54-9A1E7A4F7556}") = "ProjectReporter.Modules", "ProjectReporter.Modules\ProjectReporter.Modules.csproj", "{1ED4191C-FC72-45DF-BBC5-70B1D6A51CC9}"
EndProject
Project("{FAE04EC0-301F-11D3-BF4B-00C04F79EFBC}") = "ProjectReporter.UnitTests", "ProjectReporter.UnitTests\ProjectReporter.UnitTests.csproj", "{6FDA4859-188B-48E2-9665-4D4F7CFA73F3}"
EndProject
Global
	GlobalSection(SolutionConfigurationPlatforms) = preSolution
		Debug|Any CPU = Debug|Any CPU
		Release|Any CPU = Release|Any CPU
	EndGlobalSection
	GlobalSection(ProjectConfigurationPlatforms) = postSolution
		{B4CCD4F2-C7CB-41BB-9039-81A39EC7024B}.Debug|Any CPU.ActiveCfg = Debug|Any CPU
		{B4CCD4F2-C7CB-41BB-9039-81A39EC7024B}.Debug|Any CPU.Build.0 = Debug|Any CPU
		{B4CCD4F2-C7CB-41BB-9039-81A39EC7024B}.Release|Any CPU.ActiveCfg = Release|Any CPU
		{B4CCD4F2-C7CB-41BB-9039-81A39EC7024B}.Release|Any CPU.Build.0 = Release|Any CPU
		{1ED4191C-FC72-45DF-BBC5-70B1D6A51CC9}.Debug|Any CPU.ActiveCfg = Debug|Any CPU
		{1ED4191C-FC72-45DF-BBC5-70B1D6A51CC9}.Debug|Any CPU.Build.0 = Debug|Any CPU
		{1ED4191C-FC72-45DF-BBC5-70B1D6A51CC9}.Release|Any CPU.ActiveCfg = Release|Any CPU
		{1ED4191C-FC72-45DF-BBC5-70B1D6A51CC9}.Release|Any CPU.Build.0 = Release|Any CPU
		{6FDA4859-188B-48E2-9665-4D4F7CFA73F3}.Debug|Any CPU.ActiveCfg = Debug|Any CPU
		{6FDA4859-188B-48E2-9665-4D4F7CFA73F3}.Debug|Any CPU.Build.0 = Debug|Any CPU
		{6FDA4859-188B-48E2-9665-4D4F7CFA73F3}.Release|Any CPU.ActiveCfg = Release|Any CPU
		{6FDA4859-188B-48E2-9665-4D4F7CFA73F3}.Release|Any CPU.Build.0 = Release|Any CPU
	EndGlobalSection
	GlobalSection(SolutionProperties) = preSolution
		HideSolutionNode = FALSE
	EndGlobalSection
	GlobalSection(ExtensibilityGlobals) = postSolution
		SolutionGuid = {AE8CC70B-960A-43C0-84FE-2579F3C26558}
	EndGlobalSection
EndGlobal
